{
    "_readme": [
        "This file locks the dependencies of your project to a known state",
        "Read more about it at https://getcomposer.org/doc/01-basic-usage.md#composer-lock-the-lock-file",
        "This file is @generated automatically"
    ],
    "content-hash": "f8852f4cda48a766b2f877a72834f988",
    "packages": [
        {
            "name": "jeremeamia/SuperClosure",
            "version": "1.0.2",
            "source": {
                "type": "git",
                "url": "https://github.com/jeremeamia/super_closure.git",
                "reference": "4d89ca74994feab128ea46d5b3add92e6cb84554"
            },
            "dist": {
                "type": "zip",
                "url": "https://api.github.com/repos/jeremeamia/super_closure/zipball/4d89ca74994feab128ea46d5b3add92e6cb84554",
                "reference": "4d89ca74994feab128ea46d5b3add92e6cb84554",
                "shasum": ""
            },
            "require": {
                "nikic/php-parser": "~0.9",
                "php": ">=5.3.3"
            },
            "require-dev": {
                "phpunit/phpunit": "~3.7"
            },
            "type": "library",
            "autoload": {
                "psr-0": {
                    "Jeremeamia\\SuperClosure": "src/"
                }
            },
            "notification-url": "https://packagist.org/downloads/",
            "license": [
                "MIT"
            ],
            "authors": [
                {
                    "name": "Jeremy Lindblom"
                }
            ],
            "description": "Doing interesting things with closures like serialization.",
            "homepage": "https://github.com/jeremeamia/super_closure",
            "keywords": [
                "closure",
                "function",
                "parser",
                "serializable",
                "serialize",
                "tokenizer"
            ],
            "time": "2015-01-10T01:09:28+00:00"
        },
        {
            "name": "nikic/php-parser",
            "version": "v0.9.5",
            "source": {
                "type": "git",
                "url": "https://github.com/nikic/PHP-Parser.git",
                "reference": "ef70767475434bdb3615b43c327e2cae17ef12eb"
            },
            "dist": {
                "type": "zip",
                "url": "https://api.github.com/repos/nikic/PHP-Parser/zipball/ef70767475434bdb3615b43c327e2cae17ef12eb",
                "reference": "ef70767475434bdb3615b43c327e2cae17ef12eb",
                "shasum": ""
            },
            "require": {
                "ext-tokenizer": "*",
                "php": ">=5.2"
            },
            "type": "library",
            "extra": {
                "branch-alias": {
                    "dev-master": "0.9-dev"
                }
            },
            "autoload": {
                "psr-0": {
                    "PHPParser": "lib/"
                }
            },
            "notification-url": "https://packagist.org/downloads/",
            "license": [
                "BSD-3-Clause"
            ],
            "authors": [
                {
                    "name": "Nikita Popov"
                }
            ],
            "description": "A PHP parser written in PHP",
            "keywords": [
                "parser",
                "php"
            ],
            "time": "2014-07-23T18:24:17+00:00"
        },
        {
            "name": "swiftmailer/swiftmailer",
            "version": "v5.4.6",
            "source": {
                "type": "git",
                "url": "https://github.com/swiftmailer/swiftmailer.git",
                "reference": "81fdccfaf8bdc5d5d7a1ef6bb3a61bbb1a6c4a3e"
            },
            "dist": {
                "type": "zip",
                "url": "https://api.github.com/repos/swiftmailer/swiftmailer/zipball/81fdccfaf8bdc5d5d7a1ef6bb3a61bbb1a6c4a3e",
                "reference": "81fdccfaf8bdc5d5d7a1ef6bb3a61bbb1a6c4a3e",
                "shasum": ""
            },
            "require": {
                "php": ">=5.3.3"
            },
            "require-dev": {
                "mockery/mockery": "~0.9.1",
                "symfony/phpunit-bridge": "~3.2"
            },
            "type": "library",
            "extra": {
                "branch-alias": {
                    "dev-master": "5.4-dev"
                }
            },
            "autoload": {
                "files": [
                    "lib/swift_required.php"
                ]
            },
            "notification-url": "https://packagist.org/downloads/",
            "license": [
                "MIT"
            ],
            "authors": [
                {
                    "name": "Chris Corbyn"
                },
                {
                    "name": "Fabien Potencier",
                    "email": "fabien@symfony.com"
                }
            ],
            "description": "Swiftmailer, free feature-rich PHP mailer",
            "homepage": "http://swiftmailer.org",
            "keywords": [
                "email",
                "mail",
                "mailer"
            ],
            "time": "2017-02-13T07:52:53+00:00"
        },
        {
            "name": "vanchelo/phalcon-mailer",
            "version": "2.0.1",
            "source": {
                "type": "git",
                "url": "https://github.com/vanchelo/phalcon-mailer.git",
                "reference": "d48fa1d6aa34bd83bfc4cb1cbdca5d9d8793dedf"
            },
            "dist": {
                "type": "zip",
                "url": "https://api.github.com/repos/vanchelo/phalcon-mailer/zipball/d48fa1d6aa34bd83bfc4cb1cbdca5d9d8793dedf",
                "reference": "d48fa1d6aa34bd83bfc4cb1cbdca5d9d8793dedf",
                "shasum": ""
            },
            "require": {
                "jeremeamia/superclosure": "~1.0.1",
                "php": ">=5.4.0",
                "swiftmailer/swiftmailer": "~5.3"
            },
            "require-dev": {
                "phalcon/devtools": "~2.0"
            },
            "type": "library",
            "autoload": {
                "psr-4": {
                    "Vanchelo\\Mailer\\": "src/"
                },
                "files": [
                    "src/helpers.php"
                ]
            },
            "notification-url": "https://packagist.org/downloads/",
            "license": [
                "GPLv2"
            ],
            "authors": [
                {
                    "name": "Brezhnev Ivan"
                }
            ],
            "description": "Phalcon Mailer Service",
            "homepage": "https://github.com/vanchelo/phalcon-mailer",
            "keywords": [
                "mail",
                "mailer",
                "phalcon"
            ],
            "time": "2015-09-07T20:34:51+00:00"
        }
    ],
    "packages-dev": [],
    "aliases": [],
    "minimum-stability": "stable",
    "stability-flags": [],
    "prefer-stable": false,
    "prefer-lowest": false,
    "platform": [],
    "platform-dev": []
}
